// !$*UTF8*$!
{
	archiveVersion = 1;
	classes = {
	};
	objectVersion = 50;
	objects = {

/* Begin PBXBuildFile section */
		2253558B26E7B99100578392 /* TrainingPlansCell.swift in Sources */ = {isa = PBXBuildFile; fileRef = 2253558A26E7B99100578392 /* TrainingPlansCell.swift */; };
		2253558D26E7C69400578392 /* TrainingProgramms.txt in Resources */ = {isa = PBXBuildFile; fileRef = 2253558C26E7C69400578392 /* TrainingProgramms.txt */; };
		2253558F26E7E7D200578392 /* ParsingProgramms.swift in Sources */ = {isa = PBXBuildFile; fileRef = 2253558E26E7E7D200578392 /* ParsingProgramms.swift */; };
		2253559126E7F7C700578392 /* TrainingProgrammLobby.swift in Sources */ = {isa = PBXBuildFile; fileRef = 2253559026E7F7C700578392 /* TrainingProgrammLobby.swift */; };
		2253559326E7F85100578392 /* WorkoutsCell.swift in Sources */ = {isa = PBXBuildFile; fileRef = 2253559226E7F85100578392 /* WorkoutsCell.swift */; };
		2253559526E8E82300578392 /* WorkoutView.swift in Sources */ = {isa = PBXBuildFile; fileRef = 2253559426E8E82300578392 /* WorkoutView.swift */; };
		2253559726E907C000578392 /* exerciseCell.swift in Sources */ = {isa = PBXBuildFile; fileRef = 2253559626E907C000578392 /* exerciseCell.swift */; };
		22611F3B26F011B80086AE65 /* Localizable.strings in Resources */ = {isa = PBXBuildFile; fileRef = 22611F3D26F011B80086AE65 /* Localizable.strings */; };
		22DCA15826EF75A60018AD29 /* removeAllConstraints.swift in Sources */ = {isa = PBXBuildFile; fileRef = 22DCA15726EF75A60018AD29 /* removeAllConstraints.swift */; };
		22DCA15A26EFCD850018AD29 /* DataManagerBetweenProgrammMenuAndProgrammLobby.swift in Sources */ = {isa = PBXBuildFile; fileRef = 22DCA15926EFCD850018AD29 /* DataManagerBetweenProgrammMenuAndProgrammLobby.swift */; };
		22DCA15C26EFF8C50018AD29 /* DataManagerBetweenWorkoutAndExercises.swift in Sources */ = {isa = PBXBuildFile; fileRef = 22DCA15B26EFF8C50018AD29 /* DataManagerBetweenWorkoutAndExercises.swift */; };
		22DDB53026E39A93005292E5 /* AppDelegate.swift in Sources */ = {isa = PBXBuildFile; fileRef = 22DDB52F26E39A93005292E5 /* AppDelegate.swift */; };
		22DDB53226E39A93005292E5 /* SceneDelegate.swift in Sources */ = {isa = PBXBuildFile; fileRef = 22DDB53126E39A93005292E5 /* SceneDelegate.swift */; };
		22DDB53426E39A93005292E5 /* UserAuthorizationViewController.swift in Sources */ = {isa = PBXBuildFile; fileRef = 22DDB53326E39A93005292E5 /* UserAuthorizationViewController.swift */; };
		22DDB53A26E39A93005292E5 /* Fitness_Time.xcdatamodeld in Sources */ = {isa = PBXBuildFile; fileRef = 22DDB53826E39A93005292E5 /* Fitness_Time.xcdatamodeld */; };
		22DDB53C26E39A94005292E5 /* Assets.xcassets in Resources */ = {isa = PBXBuildFile; fileRef = 22DDB53B26E39A94005292E5 /* Assets.xcassets */; };
		22DDB53F26E39A94005292E5 /* LaunchScreen.storyboard in Resources */ = {isa = PBXBuildFile; fileRef = 22DDB53D26E39A94005292E5 /* LaunchScreen.storyboard */; };
		22DDB54A26E39A94005292E5 /* Fitness_TimeTests.swift in Sources */ = {isa = PBXBuildFile; fileRef = 22DDB54926E39A94005292E5 /* Fitness_TimeTests.swift */; };
		22DDB55526E39A94005292E5 /* Fitness_TimeUITests.swift in Sources */ = {isa = PBXBuildFile; fileRef = 22DDB55426E39A94005292E5 /* Fitness_TimeUITests.swift */; };
		22DDB56826E39B3C005292E5 /* TrainingPlans.swift in Sources */ = {isa = PBXBuildFile; fileRef = 22DDB56726E39B3C005292E5 /* TrainingPlans.swift */; };
		22DDB56926E39BFC005292E5 /* CoreDataStack.swift in Sources */ = {isa = PBXBuildFile; fileRef = 22DDB56626E39B15005292E5 /* CoreDataStack.swift */; };
		22DDB56C26E39D11005292E5 /* Main.storyboard in Resources */ = {isa = PBXBuildFile; fileRef = 22DDB56B26E39D11005292E5 /* Main.storyboard */; };
/* End PBXBuildFile section */

/* Begin PBXContainerItemProxy section */
		22DDB54626E39A94005292E5 /* PBXContainerItemProxy */ = {
			isa = PBXContainerItemProxy;
			containerPortal = 22DDB52426E39A93005292E5 /* Project object */;
			proxyType = 1;
			remoteGlobalIDString = 22DDB52B26E39A93005292E5;
			remoteInfo = Fitness_Time;
		};
		22DDB55126E39A94005292E5 /* PBXContainerItemProxy */ = {
			isa = PBXContainerItemProxy;
			containerPortal = 22DDB52426E39A93005292E5 /* Project object */;
			proxyType = 1;
			remoteGlobalIDString = 22DDB52B26E39A93005292E5;
			remoteInfo = Fitness_Time;
		};
/* End PBXContainerItemProxy section */

/* Begin PBXFileReference section */
		2253558A26E7B99100578392 /* TrainingPlansCell.swift */ = {isa = PBXFileReference; lastKnownFileType = sourcecode.swift; path = TrainingPlansCell.swift; sourceTree = "<group>"; };
		2253558C26E7C69400578392 /* TrainingProgramms.txt */ = {isa = PBXFileReference; lastKnownFileType = text; path = TrainingProgramms.txt; sourceTree = "<group>"; };
		2253558E26E7E7D200578392 /* ParsingProgramms.swift */ = {isa = PBXFileReference; lastKnownFileType = sourcecode.swift; path = ParsingProgramms.swift; sourceTree = "<group>"; };
		2253559026E7F7C700578392 /* TrainingProgrammLobby.swift */ = {isa = PBXFileReference; lastKnownFileType = sourcecode.swift; path = TrainingProgrammLobby.swift; sourceTree = "<group>"; };
		2253559226E7F85100578392 /* WorkoutsCell.swift */ = {isa = PBXFileReference; lastKnownFileType = sourcecode.swift; path = WorkoutsCell.swift; sourceTree = "<group>"; };
		2253559426E8E82300578392 /* WorkoutView.swift */ = {isa = PBXFileReference; lastKnownFileType = sourcecode.swift; path = WorkoutView.swift; sourceTree = "<group>"; };
		2253559626E907C000578392 /* exerciseCell.swift */ = {isa = PBXFileReference; lastKnownFileType = sourcecode.swift; path = exerciseCell.swift; sourceTree = "<group>"; };
		22611F3826F0118E0086AE65 /* de */ = {isa = PBXFileReference; lastKnownFileType = text.plist.strings; name = de; path = de.lproj/LaunchScreen.strings; sourceTree = "<group>"; };
		22611F3C26F011B80086AE65 /* en */ = {isa = PBXFileReference; lastKnownFileType = text.plist.strings; name = en; path = en.lproj/Localizable.strings; sourceTree = "<group>"; };
		22611F3E26F011BC0086AE65 /* de */ = {isa = PBXFileReference; lastKnownFileType = text.plist.strings; name = de; path = de.lproj/Localizable.strings; sourceTree = "<group>"; };
		22DCA15726EF75A60018AD29 /* removeAllConstraints.swift */ = {isa = PBXFileReference; lastKnownFileType = sourcecode.swift; path = removeAllConstraints.swift; sourceTree = "<group>"; };
		22DCA15926EFCD850018AD29 /* DataManagerBetweenProgrammMenuAndProgrammLobby.swift */ = {isa = PBXFileReference; lastKnownFileType = sourcecode.swift; path = DataManagerBetweenProgrammMenuAndProgrammLobby.swift; sourceTree = "<group>"; };
		22DCA15B26EFF8C50018AD29 /* DataManagerBetweenWorkoutAndExercises.swift */ = {isa = PBXFileReference; lastKnownFileType = sourcecode.swift; path = DataManagerBetweenWorkoutAndExercises.swift; sourceTree = "<group>"; };
		22DDB52C26E39A93005292E5 /* Fitness_Time.app */ = {isa = PBXFileReference; explicitFileType = wrapper.application; includeInIndex = 0; path = Fitness_Time.app; sourceTree = BUILT_PRODUCTS_DIR; };
		22DDB52F26E39A93005292E5 /* AppDelegate.swift */ = {isa = PBXFileReference; lastKnownFileType = sourcecode.swift; path = AppDelegate.swift; sourceTree = "<group>"; };
		22DDB53126E39A93005292E5 /* SceneDelegate.swift */ = {isa = PBXFileReference; lastKnownFileType = sourcecode.swift; path = SceneDelegate.swift; sourceTree = "<group>"; };
		22DDB53326E39A93005292E5 /* UserAuthorizationViewController.swift */ = {isa = PBXFileReference; lastKnownFileType = sourcecode.swift; path = UserAuthorizationViewController.swift; sourceTree = "<group>"; };
		22DDB53926E39A93005292E5 /* Fitness_Time.xcdatamodel */ = {isa = PBXFileReference; lastKnownFileType = wrapper.xcdatamodel; path = Fitness_Time.xcdatamodel; sourceTree = "<group>"; };
		22DDB53B26E39A94005292E5 /* Assets.xcassets */ = {isa = PBXFileReference; lastKnownFileType = folder.assetcatalog; path = Assets.xcassets; sourceTree = "<group>"; };
		22DDB53E26E39A94005292E5 /* Base */ = {isa = PBXFileReference; lastKnownFileType = file.storyboard; name = Base; path = Base.lproj/LaunchScreen.storyboard; sourceTree = "<group>"; };
		22DDB54026E39A94005292E5 /* Info.plist */ = {isa = PBXFileReference; lastKnownFileType = text.plist.xml; path = Info.plist; sourceTree = "<group>"; };
		22DDB54526E39A94005292E5 /* Fitness_TimeTests.xctest */ = {isa = PBXFileReference; explicitFileType = wrapper.cfbundle; includeInIndex = 0; path = Fitness_TimeTests.xctest; sourceTree = BUILT_PRODUCTS_DIR; };
		22DDB54926E39A94005292E5 /* Fitness_TimeTests.swift */ = {isa = PBXFileReference; lastKnownFileType = sourcecode.swift; path = Fitness_TimeTests.swift; sourceTree = "<group>"; };
		22DDB54B26E39A94005292E5 /* Info.plist */ = {isa = PBXFileReference; lastKnownFileType = text.plist.xml; path = Info.plist; sourceTree = "<group>"; };
		22DDB55026E39A94005292E5 /* Fitness_TimeUITests.xctest */ = {isa = PBXFileReference; explicitFileType = wrapper.cfbundle; includeInIndex = 0; path = Fitness_TimeUITests.xctest; sourceTree = BUILT_PRODUCTS_DIR; };
		22DDB55426E39A94005292E5 /* Fitness_TimeUITests.swift */ = {isa = PBXFileReference; lastKnownFileType = sourcecode.swift; path = Fitness_TimeUITests.swift; sourceTree = "<group>"; };
		22DDB55626E39A94005292E5 /* Info.plist */ = {isa = PBXFileReference; lastKnownFileType = text.plist.xml; path = Info.plist; sourceTree = "<group>"; };
		22DDB56626E39B15005292E5 /* CoreDataStack.swift */ = {isa = PBXFileReference; lastKnownFileType = sourcecode.swift; path = CoreDataStack.swift; sourceTree = "<group>"; };
		22DDB56726E39B3C005292E5 /* TrainingPlans.swift */ = {isa = PBXFileReference; lastKnownFileType = sourcecode.swift; path = TrainingPlans.swift; sourceTree = "<group>"; };
		22DDB56B26E39D11005292E5 /* Main.storyboard */ = {isa = PBXFileReference; lastKnownFileType = file.storyboard; path = Main.storyboard; sourceTree = "<group>"; };
/* End PBXFileReference section */

/* Begin PBXFrameworksBuildPhase section */
		22DDB52926E39A93005292E5 /* Frameworks */ = {
			isa = PBXFrameworksBuildPhase;
			buildActionMask = 2147483647;
			files = (
			);
			runOnlyForDeploymentPostprocessing = 0;
		};
		22DDB54226E39A94005292E5 /* Frameworks */ = {
			isa = PBXFrameworksBuildPhase;
			buildActionMask = 2147483647;
			files = (
			);
			runOnlyForDeploymentPostprocessing = 0;
		};
		22DDB54D26E39A94005292E5 /* Frameworks */ = {
			isa = PBXFrameworksBuildPhase;
			buildActionMask = 2147483647;
			files = (
			);
			runOnlyForDeploymentPostprocessing = 0;
		};
/* End PBXFrameworksBuildPhase section */

/* Begin PBXGroup section */
		22DDB52326E39A93005292E5 = {
			isa = PBXGroup;
			children = (
				22DDB52E26E39A93005292E5 /* Fitness_Time */,
				22DDB54826E39A94005292E5 /* Fitness_TimeTests */,
				22DDB55326E39A94005292E5 /* Fitness_TimeUITests */,
				22DDB52D26E39A93005292E5 /* Products */,
			);
			sourceTree = "<group>";
		};
		22DDB52D26E39A93005292E5 /* Products */ = {
			isa = PBXGroup;
			children = (
				22DDB52C26E39A93005292E5 /* Fitness_Time.app */,
				22DDB54526E39A94005292E5 /* Fitness_TimeTests.xctest */,
				22DDB55026E39A94005292E5 /* Fitness_TimeUITests.xctest */,
			);
			name = Products;
			sourceTree = "<group>";
		};
		22DDB52E26E39A93005292E5 /* Fitness_Time */ = {
			isa = PBXGroup;
			children = (
				22DDB52F26E39A93005292E5 /* AppDelegate.swift */,
				22611F3D26F011B80086AE65 /* Localizable.strings */,
				22DCA15926EFCD850018AD29 /* DataManagerBetweenProgrammMenuAndProgrammLobby.swift */,
				22DCA15B26EFF8C50018AD29 /* DataManagerBetweenWorkoutAndExercises.swift */,
				22DDB53126E39A93005292E5 /* SceneDelegate.swift */,
				22DDB53326E39A93005292E5 /* UserAuthorizationViewController.swift */,
				22DDB56726E39B3C005292E5 /* TrainingPlans.swift */,
				2253558A26E7B99100578392 /* TrainingPlansCell.swift */,
				2253559026E7F7C700578392 /* TrainingProgrammLobby.swift */,
				2253559226E7F85100578392 /* WorkoutsCell.swift */,
				2253559426E8E82300578392 /* WorkoutView.swift */,
				2253559626E907C000578392 /* exerciseCell.swift */,
				2253558E26E7E7D200578392 /* ParsingProgramms.swift */,
				2253558C26E7C69400578392 /* TrainingProgramms.txt */,
				22DCA15726EF75A60018AD29 /* removeAllConstraints.swift */,
				22DDB56B26E39D11005292E5 /* Main.storyboard */,
				22DDB53B26E39A94005292E5 /* Assets.xcassets */,
				22DDB53D26E39A94005292E5 /* LaunchScreen.storyboard */,
				22DDB54026E39A94005292E5 /* Info.plist */,
				22DDB56A26E39C06005292E5 /* CoreData */,
			);
			path = Fitness_Time;
			sourceTree = "<group>";
		};
		22DDB54826E39A94005292E5 /* Fitness_TimeTests */ = {
			isa = PBXGroup;
			children = (
				22DDB54926E39A94005292E5 /* Fitness_TimeTests.swift */,
				22DDB54B26E39A94005292E5 /* Info.plist */,
			);
			path = Fitness_TimeTests;
			sourceTree = "<group>";
		};
		22DDB55326E39A94005292E5 /* Fitness_TimeUITests */ = {
			isa = PBXGroup;
			children = (
				22DDB55426E39A94005292E5 /* Fitness_TimeUITests.swift */,
				22DDB55626E39A94005292E5 /* Info.plist */,
			);
			path = Fitness_TimeUITests;
			sourceTree = "<group>";
		};
		22DDB56A26E39C06005292E5 /* CoreData */ = {
			isa = PBXGroup;
			children = (
				22DDB56626E39B15005292E5 /* CoreDataStack.swift */,
				22DDB53826E39A93005292E5 /* Fitness_Time.xcdatamodeld */,
			);
			path = CoreData;
			sourceTree = "<group>";
		};
/* End PBXGroup section */

/* Begin PBXNativeTarget section */
		22DDB52B26E39A93005292E5 /* Fitness_Time */ = {
			isa = PBXNativeTarget;
			buildConfigurationList = 22DDB55926E39A94005292E5 /* Build configuration list for PBXNativeTarget "Fitness_Time" */;
			buildPhases = (
				22DDB52826E39A93005292E5 /* Sources */,
				22DDB52926E39A93005292E5 /* Frameworks */,
				22DDB52A26E39A93005292E5 /* Resources */,
			);
			buildRules = (
			);
			dependencies = (
			);
			name = Fitness_Time;
			productName = Fitness_Time;
			productReference = 22DDB52C26E39A93005292E5 /* Fitness_Time.app */;
			productType = "com.apple.product-type.application";
		};
		22DDB54426E39A94005292E5 /* Fitness_TimeTests */ = {
			isa = PBXNativeTarget;
			buildConfigurationList = 22DDB55C26E39A94005292E5 /* Build configuration list for PBXNativeTarget "Fitness_TimeTests" */;
			buildPhases = (
				22DDB54126E39A94005292E5 /* Sources */,
				22DDB54226E39A94005292E5 /* Frameworks */,
				22DDB54326E39A94005292E5 /* Resources */,
			);
			buildRules = (
			);
			dependencies = (
				22DDB54726E39A94005292E5 /* PBXTargetDependency */,
			);
			name = Fitness_TimeTests;
			productName = Fitness_TimeTests;
			productReference = 22DDB54526E39A94005292E5 /* Fitness_TimeTests.xctest */;
			productType = "com.apple.product-type.bundle.unit-test";
		};
		22DDB54F26E39A94005292E5 /* Fitness_TimeUITests */ = {
			isa = PBXNativeTarget;
			buildConfigurationList = 22DDB55F26E39A94005292E5 /* Build configuration list for PBXNativeTarget "Fitness_TimeUITests" */;
			buildPhases = (
				22DDB54C26E39A94005292E5 /* Sources */,
				22DDB54D26E39A94005292E5 /* Frameworks */,
				22DDB54E26E39A94005292E5 /* Resources */,
			);
			buildRules = (
			);
			dependencies = (
				22DDB55226E39A94005292E5 /* PBXTargetDependency */,
			);
			name = Fitness_TimeUITests;
			productName = Fitness_TimeUITests;
			productReference = 22DDB55026E39A94005292E5 /* Fitness_TimeUITests.xctest */;
			productType = "com.apple.product-type.bundle.ui-testing";
		};
/* End PBXNativeTarget section */

/* Begin PBXProject section */
		22DDB52426E39A93005292E5 /* Project object */ = {
			isa = PBXProject;
			attributes = {
				LastSwiftUpdateCheck = 1250;
				LastUpgradeCheck = 1250;
				TargetAttributes = {
					22DDB52B26E39A93005292E5 = {
						CreatedOnToolsVersion = 12.5;
					};
					22DDB54426E39A94005292E5 = {
						CreatedOnToolsVersion = 12.5;
						TestTargetID = 22DDB52B26E39A93005292E5;
					};
					22DDB54F26E39A94005292E5 = {
						CreatedOnToolsVersion = 12.5;
						TestTargetID = 22DDB52B26E39A93005292E5;
					};
				};
			};
			buildConfigurationList = 22DDB52726E39A93005292E5 /* Build configuration list for PBXProject "Fitness_Time" */;
			compatibilityVersion = "Xcode 9.3";
			developmentRegion = en;
			hasScannedForEncodings = 0;
			knownRegions = (
				en,
				Base,
				de,
			);
			mainGroup = 22DDB52326E39A93005292E5;
			productRefGroup = 22DDB52D26E39A93005292E5 /* Products */;
			projectDirPath = "";
			projectRoot = "";
			targets = (
				22DDB52B26E39A93005292E5 /* Fitness_Time */,
				22DDB54426E39A94005292E5 /* Fitness_TimeTests */,
				22DDB54F26E39A94005292E5 /* Fitness_TimeUITests */,
			);
		};
/* End PBXProject section */

/* Begin PBXResourcesBuildPhase section */
		22DDB52A26E39A93005292E5 /* Resources */ = {
			isa = PBXResourcesBuildPhase;
			buildActionMask = 2147483647;
			files = (
				22611F3B26F011B80086AE65 /* Localizable.strings in Resources */,
				22DDB56C26E39D11005292E5 /* Main.storyboard in Resources */,
				22DDB53F26E39A94005292E5 /* LaunchScreen.storyboard in Resources */,
				22DDB53C26E39A94005292E5 /* Assets.xcassets in Resources */,
				2253558D26E7C69400578392 /* TrainingProgramms.txt in Resources */,
			);
			runOnlyForDeploymentPostprocessing = 0;
		};
		22DDB54326E39A94005292E5 /* Resources */ = {
			isa = PBXResourcesBuildPhase;
			buildActionMask = 2147483647;
			files = (
			);
			runOnlyForDeploymentPostprocessing = 0;
		};
		22DDB54E26E39A94005292E5 /* Resources */ = {
			isa = PBXResourcesBuildPhase;
			buildActionMask = 2147483647;
			files = (
			);
			runOnlyForDeploymentPostprocessing = 0;
		};
/* End PBXResourcesBuildPhase section */

/* Begin PBXSourcesBuildPhase section */
		22DDB52826E39A93005292E5 /* Sources */ = {
			isa = PBXSourcesBuildPhase;
			buildActionMask = 2147483647;
			files = (
				2253559526E8E82300578392 /* WorkoutView.swift in Sources */,
				22DDB53426E39A93005292E5 /* UserAuthorizationViewController.swift in Sources */,
				2253559326E7F85100578392 /* WorkoutsCell.swift in Sources */,
				22DDB56826E39B3C005292E5 /* TrainingPlans.swift in Sources */,
				22DDB53026E39A93005292E5 /* AppDelegate.swift in Sources */,
				2253559726E907C000578392 /* exerciseCell.swift in Sources */,
				2253559126E7F7C700578392 /* TrainingProgrammLobby.swift in Sources */,
				22DDB56926E39BFC005292E5 /* CoreDataStack.swift in Sources */,
				2253558B26E7B99100578392 /* TrainingPlansCell.swift in Sources */,
				2253558F26E7E7D200578392 /* ParsingProgramms.swift in Sources */,
				22DDB53226E39A93005292E5 /* SceneDelegate.swift in Sources */,
				22DCA15826EF75A60018AD29 /* removeAllConstraints.swift in Sources */,
				22DCA15A26EFCD850018AD29 /* DataManagerBetweenProgrammMenuAndProgrammLobby.swift in Sources */,
				22DDB53A26E39A93005292E5 /* Fitness_Time.xcdatamodeld in Sources */,
				22DCA15C26EFF8C50018AD29 /* DataManagerBetweenWorkoutAndExercises.swift in Sources */,
			);
			runOnlyForDeploymentPostprocessing = 0;
		};
		22DDB54126E39A94005292E5 /* Sources */ = {
			isa = PBXSourcesBuildPhase;
			buildActionMask = 2147483647;
			files = (
				22DDB54A26E39A94005292E5 /* Fitness_TimeTests.swift in Sources */,
			);
			runOnlyForDeploymentPostprocessing = 0;
		};
		22DDB54C26E39A94005292E5 /* Sources */ = {
			isa = PBXSourcesBuildPhase;
			buildActionMask = 2147483647;
			files = (
				22DDB55526E39A94005292E5 /* Fitness_TimeUITests.swift in Sources */,
			);
			runOnlyForDeploymentPostprocessing = 0;
		};
/* End PBXSourcesBuildPhase section */

/* Begin PBXTargetDependency section */
		22DDB54726E39A94005292E5 /* PBXTargetDependency */ = {
			isa = PBXTargetDependency;
			target = 22DDB52B26E39A93005292E5 /* Fitness_Time */;
			targetProxy = 22DDB54626E39A94005292E5 /* PBXContainerItemProxy */;
		};
		22DDB55226E39A94005292E5 /* PBXTargetDependency */ = {
			isa = PBXTargetDependency;
			target = 22DDB52B26E39A93005292E5 /* Fitness_Time */;
			targetProxy = 22DDB55126E39A94005292E5 /* PBXContainerItemProxy */;
		};
/* End PBXTargetDependency section */

/* Begin PBXVariantGroup section */
		22611F3D26F011B80086AE65 /* Localizable.strings */ = {
			isa = PBXVariantGroup;
			children = (
				22611F3C26F011B80086AE65 /* en */,
				22611F3E26F011BC0086AE65 /* de */,
			);
			name = Localizable.strings;
			sourceTree = "<group>";
		};
		22DDB53D26E39A94005292E5 /* LaunchScreen.storyboard */ = {
			isa = PBXVariantGroup;
			children = (
				22DDB53E26E39A94005292E5 /* Base */,
				22611F3826F0118E0086AE65 /* de */,
			);
			name = LaunchScreen.storyboard;
			sourceTree = "<group>";
		};
/* End PBXVariantGroup section */

/* Begin XCBuildConfiguration section */
		22DDB55726E39A94005292E5 /* Debug */ = {
			isa = XCBuildConfiguration;
			buildSettings = {
				ALWAYS_SEARCH_USER_PATHS = NO;
				CLANG_ANALYZER_LOCALIZABILITY_NONLOCALIZED = YES;
				CLANG_ANALYZER_NONNULL = YES;
				CLANG_ANALYZER_NUMBER_OBJECT_CONVERSION = YES_AGGRESSIVE;
				CLANG_CXX_LANGUAGE_STANDARD = "gnu++14";
				CLANG_CXX_LIBRARY = "libc++";
				CLANG_ENABLE_MODULES = YES;
				CLANG_ENABLE_OBJC_ARC = YES;
				CLANG_ENABLE_OBJC_WEAK = YES;
				CLANG_WARN_BLOCK_CAPTURE_AUTORELEASING = YES;
				CLANG_WARN_BOOL_CONVERSION = YES;
				CLANG_WARN_COMMA = YES;
				CLANG_WARN_CONSTANT_CONVERSION = YES;
				CLANG_WARN_DEPRECATED_OBJC_IMPLEMENTATIONS = YES;
				CLANG_WARN_DIRECT_OBJC_ISA_USAGE = YES_ERROR;
				CLANG_WARN_DOCUMENTATION_COMMENTS = YES;
				CLANG_WARN_EMPTY_BODY = YES;
				CLANG_WARN_ENUM_CONVERSION = YES;
				CLANG_WARN_INFINITE_RECURSION = YES;
				CLANG_WARN_INT_CONVERSION = YES;
				CLANG_WARN_NON_LITERAL_NULL_CONVERSION = YES;
				CLANG_WARN_OBJC_IMPLICIT_RETAIN_SELF = YES;
				CLANG_WARN_OBJC_LITERAL_CONVERSION = YES;
				CLANG_WARN_OBJC_ROOT_CLASS = YES_ERROR;
				CLANG_WARN_QUOTED_INCLUDE_IN_FRAMEWORK_HEADER = YES;
				CLANG_WARN_RANGE_LOOP_ANALYSIS = YES;
				CLANG_WARN_STRICT_PROTOTYPES = YES;
				CLANG_WARN_SUSPICIOUS_MOVE = YES;
				CLANG_WARN_UNGUARDED_AVAILABILITY = YES_AGGRESSIVE;
				CLANG_WARN_UNREACHABLE_CODE = YES;
				CLANG_WARN__DUPLICATE_METHOD_MATCH = YES;
				COPY_PHASE_STRIP = NO;
				DEBUG_INFORMATION_FORMAT = dwarf;
				ENABLE_STRICT_OBJC_MSGSEND = YES;
				ENABLE_TESTABILITY = YES;
				GCC_C_LANGUAGE_STANDARD = gnu11;
				GCC_DYNAMIC_NO_PIC = NO;
				GCC_NO_COMMON_BLOCKS = YES;
				GCC_OPTIMIZATION_LEVEL = 0;
				GCC_PREPROCESSOR_DEFINITIONS = (
					"DEBUG=1",
					"$(inherited)",
				);
				GCC_WARN_64_TO_32_BIT_CONVERSION = YES;
				GCC_WARN_ABOUT_RETURN_TYPE = YES_ERROR;
				GCC_WARN_UNDECLARED_SELECTOR = YES;
				GCC_WARN_UNINITIALIZED_AUTOS = YES_AGGRESSIVE;
				GCC_WARN_UNUSED_FUNCTION = YES;
				GCC_WARN_UNUSED_VARIABLE = YES;
				IPHONEOS_DEPLOYMENT_TARGET = 13.4;
				MTL_ENABLE_DEBUG_INFO = INCLUDE_SOURCE;
				MTL_FAST_MATH = YES;
				ONLY_ACTIVE_ARCH = YES;
				SDKROOT = iphoneos;
				SWIFT_ACTIVE_COMPILATION_CONDITIONS = DEBUG;
				SWIFT_OPTIMIZATION_LEVEL = "-Onone";
			};
			name = Debug;
		};
		22DDB55826E39A94005292E5 /* Release */ = {
			isa = XCBuildConfiguration;
			buildSettings = {
				ALWAYS_SEARCH_USER_PATHS = NO;
				CLANG_ANALYZER_LOCALIZABILITY_NONLOCALIZED = YES;
				CLANG_ANALYZER_NONNULL = YES;
				CLANG_ANALYZER_NUMBER_OBJECT_CONVERSION = YES_AGGRESSIVE;
				CLANG_CXX_LANGUAGE_STANDARD = "gnu++14";
				CLANG_CXX_LIBRARY = "libc++";
				CLANG_ENABLE_MODULES = YES;
				CLANG_ENABLE_OBJC_ARC = YES;
				CLANG_ENABLE_OBJC_WEAK = YES;
				CLANG_WARN_BLOCK_CAPTURE_AUTORELEASING = YES;
				CLANG_WARN_BOOL_CONVERSION = YES;
				CLANG_WARN_COMMA = YES;
				CLANG_WARN_CONSTANT_CONVERSION = YES;
				CLANG_WARN_DEPRECATED_OBJC_IMPLEMENTATIONS = YES;
				CLANG_WARN_DIRECT_OBJC_ISA_USAGE = YES_ERROR;
				CLANG_WARN_DOCUMENTATION_COMMENTS = YES;
				CLANG_WARN_EMPTY_BODY = YES;
				CLANG_WARN_ENUM_CONVERSION = YES;
				CLANG_WARN_INFINITE_RECURSION = YES;
				CLANG_WARN_INT_CONVERSION = YES;
				CLANG_WARN_NON_LITERAL_NULL_CONVERSION = YES;
				CLANG_WARN_OBJC_IMPLICIT_RETAIN_SELF = YES;
				CLANG_WARN_OBJC_LITERAL_CONVERSION = YES;
				CLANG_WARN_OBJC_ROOT_CLASS = YES_ERROR;
				CLANG_WARN_QUOTED_INCLUDE_IN_FRAMEWORK_HEADER = YES;
				CLANG_WARN_RANGE_LOOP_ANALYSIS = YES;
				CLANG_WARN_STRICT_PROTOTYPES = YES;
				CLANG_WARN_SUSPICIOUS_MOVE = YES;
				CLANG_WARN_UNGUARDED_AVAILABILITY = YES_AGGRESSIVE;
				CLANG_WARN_UNREACHABLE_CODE = YES;
				CLANG_WARN__DUPLICATE_METHOD_MATCH = YES;
				COPY_PHASE_STRIP = NO;
				DEBUG_INFORMATION_FORMAT = "dwarf-with-dsym";
				ENABLE_NS_ASSERTIONS = NO;
				ENABLE_STRICT_OBJC_MSGSEND = YES;
				GCC_C_LANGUAGE_STANDARD = gnu11;
				GCC_NO_COMMON_BLOCKS = YES;
				GCC_WARN_64_TO_32_BIT_CONVERSION = YES;
				GCC_WARN_ABOUT_RETURN_TYPE = YES_ERROR;
				GCC_WARN_UNDECLARED_SELECTOR = YES;
				GCC_WARN_UNINITIALIZED_AUTOS = YES_AGGRESSIVE;
				GCC_WARN_UNUSED_FUNCTION = YES;
				GCC_WARN_UNUSED_VARIABLE = YES;
				IPHONEOS_DEPLOYMENT_TARGET = 13.4;
				MTL_ENABLE_DEBUG_INFO = NO;
				MTL_FAST_MATH = YES;
				SDKROOT = iphoneos;
				SWIFT_COMPILATION_MODE = wholemodule;
				SWIFT_OPTIMIZATION_LEVEL = "-O";
				VALIDATE_PRODUCT = YES;
			};
			name = Release;
		};
		22DDB55A26E39A94005292E5 /* Debug */ = {
			isa = XCBuildConfiguration;
			buildSettings = {
				ASSETCATALOG_COMPILER_APPICON_NAME = AppIcon;
				ASSETCATALOG_COMPILER_GLOBAL_ACCENT_COLOR_NAME = AccentColor;
				CODE_SIGN_STYLE = Automatic;
				DEVELOPMENT_TEAM = 9ARMKSND23;
				INFOPLIST_FILE = Fitness_Time/Info.plist;
				IPHONEOS_DEPLOYMENT_TARGET = 13.4;
				LD_RUNPATH_SEARCH_PATHS = (
					"$(inherited)",
					"@executable_path/Frameworks",
				);
				PRODUCT_BUNDLE_IDENTIFIER = "WebMo21.Fitness-Time";
				PRODUCT_NAME = "$(TARGET_NAME)";
				SWIFT_VERSION = 5.0;
				TARGETED_DEVICE_FAMILY = 1;
			};
			name = Debug;
		};
		22DDB55B26E39A94005292E5 /* Release */ = {
			isa = XCBuildConfiguration;
			buildSettings = {
				ASSETCATALOG_COMPILER_APPICON_NAME = AppIcon;
				ASSETCATALOG_COMPILER_GLOBAL_ACCENT_COLOR_NAME = AccentColor;
				CODE_SIGN_STYLE = Automatic;
				DEVELOPMENT_TEAM = 9ARMKSND23;
				INFOPLIST_FILE = Fitness_Time/Info.plist;
				IPHONEOS_DEPLOYMENT_TARGET = 13.4;
				LD_RUNPATH_SEARCH_PATHS = (
					"$(inherited)",
					"@executable_path/Frameworks",
				);
				PRODUCT_BUNDLE_IDENTIFIER = "WebMo21.Fitness-Time";
				PRODUCT_NAME = "$(TARGET_NAME)";
				SWIFT_VERSION = 5.0;
				TARGETED_DEVICE_FAMILY = 1;
			};
			name = Release;
		};
		22DDB55D26E39A94005292E5 /* Debug */ = {
			isa = XCBuildConfiguration;
			buildSettings = {
				ALWAYS_EMBED_SWIFT_STANDARD_LIBRARIES = YES;
				BUNDLE_LOADER = "$(TEST_HOST)";
				CODE_SIGN_STYLE = Automatic;
				DEVELOPMENT_TEAM = 9ARMKSND23;
				INFOPLIST_FILE = Fitness_TimeTests/Info.plist;
				IPHONEOS_DEPLOYMENT_TARGET = 14.5;
				LD_RUNPATH_SEARCH_PATHS = (
					"$(inherited)",
					"@executable_path/Frameworks",
					"@loader_path/Frameworks",
				);
				PRODUCT_BUNDLE_IDENTIFIER = "WebMo21.Fitness-TimeTests";
				PRODUCT_NAME = "$(TARGET_NAME)";
				SWIFT_VERSION = 5.0;
				TARGETED_DEVICE_FAMILY = "1,2";
				TEST_HOST = "$(BUILT_PRODUCTS_DIR)/Fitness_Time.app/Fitness_Time";
			};
			name = Debug;
		};
		22DDB55E26E39A94005292E5 /* Release */ = {
			isa = XCBuildConfiguration;
			buildSettings = {
				ALWAYS_EMBED_SWIFT_STANDARD_LIBRARIES = YES;
				BUNDLE_LOADER = "$(TEST_HOST)";
				CODE_SIGN_STYLE = Automatic;
				DEVELOPMENT_TEAM = 9ARMKSND23;
				INFOPLIST_FILE = Fitness_TimeTests/Info.plist;
				IPHONEOS_DEPLOYMENT_TARGET = 14.5;
				LD_RUNPATH_SEARCH_PATHS = (
					"$(inherited)",
					"@executable_path/Frameworks",
					"@loader_path/Frameworks",
				);
				PRODUCT_BUNDLE_IDENTIFIER = "WebMo21.Fitness-TimeTests";
				PRODUCT_NAME = "$(TARGET_NAME)";
				SWIFT_VERSION = 5.0;
				TARGETED_DEVICE_FAMILY = "1,2";
				TEST_HOST = "$(BUILT_PRODUCTS_DIR)/Fitness_Time.app/Fitness_Time";
			};
			name = Release;
		};
		22DDB56026E39A94005292E5 /* Debug */ = {
			isa = XCBuildConfiguration;
			buildSettings = {
				ALWAYS_EMBED_SWIFT_STANDARD_LIBRARIES = YES;
				CODE_SIGN_STYLE = Automatic;
				DEVELOPMENT_TEAM = 9ARMKSND23;
				INFOPLIST_FILE = Fitness_TimeUITests/Info.plist;
				LD_RUNPATH_SEARCH_PATHS = (
					"$(inherited)",
					"@executable_path/Frameworks",
					"@loader_path/Frameworks",
				);
				PRODUCT_BUNDLE_IDENTIFIER = "WebMo21.Fitness-TimeUITests";
				PRODUCT_NAME = "$(TARGET_NAME)";
				SWIFT_VERSION = 5.0;
				TARGETED_DEVICE_FAMILY = "1,2";
				TEST_TARGET_NAME = Fitness_Time;
			};
			name = Debug;
		};
		22DDB56126E39A94005292E5 /* Release */ = {
			isa = XCBuildConfiguration;
			buildSettings = {
				ALWAYS_EMBED_SWIFT_STANDARD_LIBRARIES = YES;
				CODE_SIGN_STYLE = Automatic;
				DEVELOPMENT_TEAM = 9ARMKSND23;
				INFOPLIST_FILE = Fitness_TimeUITests/Info.plist;
				LD_RUNPATH_SEARCH_PATHS = (
					"$(inherited)",
					"@executable_path/Frameworks",
					"@loader_path/Frameworks",
				);
				PRODUCT_BUNDLE_IDENTIFIER = "WebMo21.Fitness-TimeUITests";
				PRODUCT_NAME = "$(TARGET_NAME)";
				SWIFT_VERSION = 5.0;
				TARGETED_DEVICE_FAMILY = "1,2";
				TEST_TARGET_NAME = Fitness_Time;
			};
			name = Release;
		};
/* End XCBuildConfiguration section */

/* Begin XCConfigurationList section */
		22DDB52726E39A93005292E5 /* Build configuration list for PBXProject "Fitness_Time" */ = {
			isa = XCConfigurationList;
			buildConfigurations = (
				22DDB55726E39A94005292E5 /* Debug */,
				22DDB55826E39A94005292E5 /* Release */,
			);
			defaultConfigurationIsVisible = 0;
			defaultConfigurationName = Release;
		};
		22DDB55926E39A94005292E5 /* Build configuration list for PBXNativeTarget "Fitness_Time" */ = {
			isa = XCConfigurationList;
			buildConfigurations = (
				22DDB55A26E39A94005292E5 /* Debug */,
				22DDB55B26E39A94005292E5 /* Release */,
			);
			defaultConfigurationIsVisible = 0;
			defaultConfigurationName = Release;
		};
		22DDB55C26E39A94005292E5 /* Build configuration list for PBXNativeTarget "Fitness_TimeTests" */ = {
			isa = XCConfigurationList;
			buildConfigurations = (
				22DDB55D26E39A94005292E5 /* Debug */,
				22DDB55E26E39A94005292E5 /* Release */,
			);
			defaultConfigurationIsVisible = 0;
			defaultConfigurationName = Release;
		};
		22DDB55F26E39A94005292E5 /* Build configuration list for PBXNativeTarget "Fitness_TimeUITests" */ = {
			isa = XCConfigurationList;
			buildConfigurations = (
				22DDB56026E39A94005292E5 /* Debug */,
				22DDB56126E39A94005292E5 /* Release */,
			);
			defaultConfigurationIsVisible = 0;
			defaultConfigurationName = Release;
		};
/* End XCConfigurationList section */

/* Begin XCVersionGroup section */
		22DDB53826E39A93005292E5 /* Fitness_Time.xcdatamodeld */ = {
			isa = XCVersionGroup;
			children = (
				22DDB53926E39A93005292E5 /* Fitness_Time.xcdatamodel */,
			);
			currentVersion = 22DDB53926E39A93005292E5 /* Fitness_Time.xcdatamodel */;
			path = Fitness_Time.xcdatamodeld;
			sourceTree = "<group>";
			versionGroupType = wrapper.xcdatamodel;
		};
/* End XCVersionGroup section */
	};
	rootObject = 22DDB52426E39A93005292E5 /* Project object */;
}
